
Microsoft Visual Studio Solution File, Format Version 12.00
# Visual Studio Version 16
VisualStudioVersion = 16.0.29324.140
MinimumVisualStudioVersion = 10.0.40219.1
Project("{9A19103F-16F7-4668-BE54-9A1E7A4F7556}") = "MvcAIS", "MvcAIS\MvcAIS.csproj", "{7DF8853C-74A2-49E2-A748-56E999506515}"
EndProject
Global
	GlobalSection(SolutionConfigurationPlatforms) = preSolution
		Debug|Any CPU = Debug|Any CPU
		Release|Any CPU = Release|Any CPU
	EndGlobalSection
	GlobalSection(ProjectConfigurationPlatforms) = postSolution
		{7DF8853C-74A2-49E2-A748-56E999506515}.Debug|Any CPU.ActiveCfg = Debug|Any CPU
		{7DF8853C-74A2-49E2-A748-56E999506515}.Debug|Any CPU.Build.0 = Debug|Any CPU
		{7DF8853C-74A2-49E2-A748-56E999506515}.Release|Any CPU.ActiveCfg = Release|Any CPU
		{7DF8853C-74A2-49E2-A748-56E999506515}.Release|Any CPU.Build.0 = Release|Any CPU
	EndGlobalSection
	GlobalSection(SolutionProperties) = preSolution
		HideSolutionNode = FALSE
	EndGlobalSection
	GlobalSection(ExtensibilityGlobals) = postSolution
		SolutionGuid = {FAD167D6-33CF-4803-ABA2-9F1539488348}
	EndGlobalSection
EndGlobal
